
Microsoft Visual Studio Solution File, Format Version 12.00
# Visual Studio 15
Project("{FAE04EC0-301F-11D3-BF4B-00C04F79EFBC}") = "Assembly-CSharp", "Assembly-CSharp.csproj", "{F3E3F95A-6170-AAE5-C2E1-531ED480BCED}"
EndProject
Project("{FAE04EC0-301F-11D3-BF4B-00C04F79EFBC}") = "Assembly-CSharp-Editor", "Assembly-CSharp-Editor.csproj", "{E2E683F3-D7BC-AD2B-CD77-3344A874C784}"
EndProject
Project("{FAE04EC0-301F-11D3-BF4B-00C04F79EFBC}") = "Assembly-CSharp-firstpass", "Assembly-CSharp-firstpass.csproj", "{284B5C7F-DC45-5879-A463-73A8B89BCA3F}"
EndProject
Global
	GlobalSection(SolutionConfigurationPlatforms) = preSolution
		Debug|Any CPU = Debug|Any CPU
		Release|Any CPU = Release|Any CPU
	EndGlobalSection
	GlobalSection(ProjectConfigurationPlatforms) = postSolution
		{F3E3F95A-6170-AAE5-C2E1-531ED480BCED}.Debug|Any CPU.ActiveCfg = Debug|Any CPU
		{F3E3F95A-6170-AAE5-C2E1-531ED480BCED}.Debug|Any CPU.Build.0 = Debug|Any CPU
		{F3E3F95A-6170-AAE5-C2E1-531ED480BCED}.Release|Any CPU.ActiveCfg = Release|Any CPU
		{F3E3F95A-6170-AAE5-C2E1-531ED480BCED}.Release|Any CPU.Build.0 = Release|Any CPU
		{E2E683F3-D7BC-AD2B-CD77-3344A874C784}.Debug|Any CPU.ActiveCfg = Debug|Any CPU
		{E2E683F3-D7BC-AD2B-CD77-3344A874C784}.Debug|Any CPU.Build.0 = Debug|Any CPU
		{E2E683F3-D7BC-AD2B-CD77-3344A874C784}.Release|Any CPU.ActiveCfg = Release|Any CPU
		{E2E683F3-D7BC-AD2B-CD77-3344A874C784}.Release|Any CPU.Build.0 = Release|Any CPU
		{284B5C7F-DC45-5879-A463-73A8B89BCA3F}.Debug|Any CPU.ActiveCfg = Debug|Any CPU
		{284B5C7F-DC45-5879-A463-73A8B89BCA3F}.Debug|Any CPU.Build.0 = Debug|Any CPU
		{284B5C7F-DC45-5879-A463-73A8B89BCA3F}.Release|Any CPU.ActiveCfg = Release|Any CPU
		{284B5C7F-DC45-5879-A463-73A8B89BCA3F}.Release|Any CPU.Build.0 = Release|Any CPU
	EndGlobalSection
	GlobalSection(SolutionProperties) = preSolution
		HideSolutionNode = FALSE
	EndGlobalSection
EndGlobal
