
Microsoft Visual Studio Solution File, Format Version 11.00
# Visual Studio 2010
Project("{FAE04EC0-301F-11D3-BF4B-00C04F79EFBC}") = "Assembly-CSharp", "Assembly-CSharp.csproj", "{3767728a-561d-7c65-1f56-0e2f5ad6a7e7}"
EndProject
Project("{FAE04EC0-301F-11D3-BF4B-00C04F79EFBC}") = "AYellowpaper.SerializedCollections", "AYellowpaper.SerializedCollections.csproj", "{87c1178f-599f-1a2e-213f-9582bc9f23b9}"
EndProject
Project("{FAE04EC0-301F-11D3-BF4B-00C04F79EFBC}") = "Assembly-CSharp-firstpass", "Assembly-CSharp-firstpass.csproj", "{8612883f-b056-e9ec-e658-01ce263d8941}"
EndProject
Project("{FAE04EC0-301F-11D3-BF4B-00C04F79EFBC}") = "AYellowpaper.SerializedCollections.Editor", "AYellowpaper.SerializedCollections.Editor.csproj", "{144f3b88-2583-0a1c-7ba1-7edfb2df0cbe}"
EndProject
Project("{FAE04EC0-301F-11D3-BF4B-00C04F79EFBC}") = "HueFolders.Editor", "HueFolders.Editor.csproj", "{315c826b-8205-738a-1fa9-54db65f9c7ab}"
EndProject
Project("{FAE04EC0-301F-11D3-BF4B-00C04F79EFBC}") = "Assembly-CSharp-Editor", "Assembly-CSharp-Editor.csproj", "{3cb2e3fe-88cf-1d74-e11e-2d4ecd169a82}"
EndProject
Global
	GlobalSection(SolutionConfigurationPlatforms) = preSolution
		Debug|Any CPU = Debug|Any CPU
	EndGlobalSection
	GlobalSection(ProjectConfigurationPlatforms) = postSolution
		{3767728a-561d-7c65-1f56-0e2f5ad6a7e7}.Debug|Any CPU.ActiveCfg = Debug|Any CPU
		{3767728a-561d-7c65-1f56-0e2f5ad6a7e7}.Debug|Any CPU.Build.0 = Debug|Any CPU
		{87c1178f-599f-1a2e-213f-9582bc9f23b9}.Debug|Any CPU.ActiveCfg = Debug|Any CPU
		{87c1178f-599f-1a2e-213f-9582bc9f23b9}.Debug|Any CPU.Build.0 = Debug|Any CPU
		{8612883f-b056-e9ec-e658-01ce263d8941}.Debug|Any CPU.ActiveCfg = Debug|Any CPU
		{8612883f-b056-e9ec-e658-01ce263d8941}.Debug|Any CPU.Build.0 = Debug|Any CPU
		{144f3b88-2583-0a1c-7ba1-7edfb2df0cbe}.Debug|Any CPU.ActiveCfg = Debug|Any CPU
		{144f3b88-2583-0a1c-7ba1-7edfb2df0cbe}.Debug|Any CPU.Build.0 = Debug|Any CPU
		{315c826b-8205-738a-1fa9-54db65f9c7ab}.Debug|Any CPU.ActiveCfg = Debug|Any CPU
		{315c826b-8205-738a-1fa9-54db65f9c7ab}.Debug|Any CPU.Build.0 = Debug|Any CPU
		{3cb2e3fe-88cf-1d74-e11e-2d4ecd169a82}.Debug|Any CPU.ActiveCfg = Debug|Any CPU
		{3cb2e3fe-88cf-1d74-e11e-2d4ecd169a82}.Debug|Any CPU.Build.0 = Debug|Any CPU
	EndGlobalSection
	GlobalSection(SolutionProperties) = preSolution
		HideSolutionNode = FALSE
	EndGlobalSection
EndGlobal
